# THIS IS AN AUTOGENERATED FILE. DO NOT EDIT THIS FILE DIRECTLY.
assets/style.scss:
  development: 2018-03-17T08:40:26-04:00   07ab8996f7b38b6659461eda44784886
assets/theme.js:
  development: 2018-03-19T08:05:21-04:00   759f1d5df88262793cc56e95dae37781
config/settings_data.json:
  development: 2018-03-17T00:52:21-04:00   99914b932bd37a50b983c5e7c90ae93b
config/settings_schema.json:
  development: 2018-03-18T08:11:14-04:00   5a62585fabd1e4f80619b47fca97b2ba
layout/theme.liquid:
  development: 2018-03-19T00:06:21-04:00   bd77e9c84ed70e03c1d96f6b0771fb7b
sections/collection-template.liquid:
  development: 2018-03-20T00:07:55-04:00   ae1a229903781bdb381f2999e9c4c6ac
sections/footer.liquid:
  development: 2018-03-19T00:18:10-04:00   41ddffc1410a3416913df13ddad71db1
sections/header.liquid:
  development: 2018-03-19T23:54:08-04:00   4b7c02807dff59293e017adbb8a17218
sections/homepage-carousel.liquid:
  development: 2018-03-18T23:00:55-04:00   313abf054a8932f6271647f7b1359087
sections/homepage-products.liquid:
  development: 2018-03-20T00:06:46-04:00   7a4a3e10fb9ec5dce50b495074b4a171
sections/newsletter.liquid:
  development: 2018-03-19T00:04:59-04:00   158b743b1b5639fc65fca686b2c4679a
sections/product-category-banners.liquid:
  development: 2018-03-18T23:29:08-04:00   8637c3fa58973ff70ea56d6e5422725f
snippets/menu.liquid:
  development: 2018-03-17T23:26:57-04:00   e9a11551a5a196f18a44dd79df9f36ec
snippets/page-header.liquid:
  development: 2018-03-17T23:49:25-04:00   fff174c57e56607b2d314a5d8107a0a1
templates/404.liquid:
  development: 2018-03-17T00:52:21-04:00   153e2e400162f1ffc97dba4700b0d62b
templates/article.liquid:
  development: 2018-03-17T00:52:21-04:00
templates/blog.liquid:
  development: 2018-03-17T00:52:21-04:00
templates/cart.liquid:
  development: 2018-03-19T08:32:14-04:00   ff56aa3adfee24505d789ae2de7ff353
templates/collection.liquid:
  development: 2018-03-19T06:50:44-04:00   ea3ed196e02b2f8ba1d3c0cb8fab7705
templates/index.liquid:
  development: 2018-03-19T00:04:39-04:00   32871410997e9b680c02b5368c7f5a53
templates/list-collections.liquid:
  development: 2018-03-17T00:52:21-04:00
templates/page.about.liquid:
  development: 2018-03-18T00:01:53-04:00   7c5ab69c1ff15f690e4566c2b55d2302
templates/page.contact.liquid:
  development: 2018-03-18T08:43:55-04:00   bee4b1a388b745c1b2e8b5cef766c786
templates/page.liquid:
  development: 2018-03-17T23:49:07-04:00   e1064292e9b6f65ae33c5a08875fec68
templates/password.liquid:
  development: 2018-03-17T00:52:21-04:00
templates/product.liquid:
  development: 2018-03-19T23:30:49-04:00   1567a32a2fdba054e543b8eae2c4c765
templates/search.liquid:
  development: 2018-03-17T00:52:21-04:00
